
Microsoft Visual Studio Solution File, Format Version 12.00
# Visual Studio 15
Project("{FAE04EC0-301F-11D3-BF4B-00C04F79EFBC}") = "FDM", "FDM\FDM.csproj", "{C260901F-0AF2-4D00-8BB6-C58C7E0CB4B9}"
EndProject
Project("{FAE04EC0-301F-11D3-BF4B-00C04F79EFBC}") = "TestFDM", "TestFDM\TestFDM.csproj", "{8EFC4145-A036-4FA9-A79E-1949BCC2F391}"
EndProject
Global
	GlobalSection(SolutionConfigurationPlatforms) = preSolution
		Debug|Any CPU = Debug|Any CPU
		Release|Any CPU = Release|Any CPU
	EndGlobalSection
	GlobalSection(ProjectConfigurationPlatforms) = postSolution
		{C260901F-0AF2-4D00-8BB6-C58C7E0CB4B9}.Debug|Any CPU.ActiveCfg = Debug|Any CPU
		{C260901F-0AF2-4D00-8BB6-C58C7E0CB4B9}.Debug|Any CPU.Build.0 = Debug|Any CPU
		{C260901F-0AF2-4D00-8BB6-C58C7E0CB4B9}.Release|Any CPU.ActiveCfg = Release|Any CPU
		{C260901F-0AF2-4D00-8BB6-C58C7E0CB4B9}.Release|Any CPU.Build.0 = Release|Any CPU
		{8EFC4145-A036-4FA9-A79E-1949BCC2F391}.Debug|Any CPU.ActiveCfg = Debug|Any CPU
		{8EFC4145-A036-4FA9-A79E-1949BCC2F391}.Debug|Any CPU.Build.0 = Debug|Any CPU
		{8EFC4145-A036-4FA9-A79E-1949BCC2F391}.Release|Any CPU.ActiveCfg = Release|Any CPU
		{8EFC4145-A036-4FA9-A79E-1949BCC2F391}.Release|Any CPU.Build.0 = Release|Any CPU
	EndGlobalSection
EndGlobal
